
Microsoft Visual Studio Solution File, Format Version 12.00
# Visual Studio Version 16
VisualStudioVersion = 16.0.809.7
MinimumVisualStudioVersion = 10.0.40219.1
Project("{FAE04EC0-301F-11D3-BF4B-00C04F79EFBC}") = "HelloWorld", "HelloWorld\HelloWorld.csproj", "{2FC52D5E-BFE0-46EC-B08A-4CCC977F091D}"
EndProject
Global
	GlobalSection(SolutionConfigurationPlatforms) = preSolution
		Debug|Any CPU = Debug|Any CPU
		Release|Any CPU = Release|Any CPU
	EndGlobalSection
	GlobalSection(ProjectConfigurationPlatforms) = postSolution
		{2FC52D5E-BFE0-46EC-B08A-4CCC977F091D}.Debug|Any CPU.ActiveCfg = Debug|Any CPU
		{2FC52D5E-BFE0-46EC-B08A-4CCC977F091D}.Debug|Any CPU.Build.0 = Debug|Any CPU
		{2FC52D5E-BFE0-46EC-B08A-4CCC977F091D}.Release|Any CPU.ActiveCfg = Release|Any CPU
		{2FC52D5E-BFE0-46EC-B08A-4CCC977F091D}.Release|Any CPU.Build.0 = Release|Any CPU
	EndGlobalSection
	GlobalSection(SolutionProperties) = preSolution
		HideSolutionNode = FALSE
	EndGlobalSection
	GlobalSection(ExtensibilityGlobals) = postSolution
		SolutionGuid = {39D54AFF-5B43-4486-A413-DC1ACAFD1E34}
	EndGlobalSection
EndGlobal
